
Microsoft Visual Studio Solution File, Format Version 12.00
# Visual Studio Version 17
VisualStudioVersion = 17.2.32616.157
MinimumVisualStudioVersion = 10.0.40219.1
Project("{FAE04EC0-301F-11D3-BF4B-00C04F79EFBC}") = "StdLab", "StdLab\StdLab.csproj", "{745CF7C9-F93E-41D9-B92A-7F10C697184C}"
EndProject
Global
	GlobalSection(SolutionConfigurationPlatforms) = preSolution
		Debug|Any CPU = Debug|Any CPU
		Release|Any CPU = Release|Any CPU
	EndGlobalSection
	GlobalSection(ProjectConfigurationPlatforms) = postSolution
		{745CF7C9-F93E-41D9-B92A-7F10C697184C}.Debug|Any CPU.ActiveCfg = Debug|Any CPU
		{745CF7C9-F93E-41D9-B92A-7F10C697184C}.Debug|Any CPU.Build.0 = Debug|Any CPU
		{745CF7C9-F93E-41D9-B92A-7F10C697184C}.Release|Any CPU.ActiveCfg = Release|Any CPU
		{745CF7C9-F93E-41D9-B92A-7F10C697184C}.Release|Any CPU.Build.0 = Release|Any CPU
	EndGlobalSection
	GlobalSection(SolutionProperties) = preSolution
		HideSolutionNode = FALSE
	EndGlobalSection
	GlobalSection(ExtensibilityGlobals) = postSolution
		SolutionGuid = {333E1AD5-C6F0-487C-9429-8CE186D51B6E}
	EndGlobalSection
EndGlobal
